{
  "name": "unifier-upgrader",
  "version": "1.0.0",
  "lockfileVersion": 1,
  "requires": true,
  "dependencies": {
    "beam-uri": {
      "version": "2.1.1",
      "resolved": "https://registry.npmjs.org/beam-uri/-/beam-uri-2.1.1.tgz",
      "integrity": "sha512-uZl4CBZwLioDg7YUkn5oROD9ebdlJe8gUIc8R8mrQQG/187M3RY/Zvz3CJHSyG76rF3LxkpFz4bJQQUSI+NzkA==",
      "requires": {
        "linkedin-canonical-url": "^1.0.6",
        "lodash": "^4.16.6",
        "parse-domain": "^1.1.0"
      }
    },
    "hoek": {
      "version": "6.1.3",
      "resolved": "https://registry.npmjs.org/hoek/-/hoek-6.1.3.tgz",
      "integrity": "sha512-YXXAAhmF9zpQbC7LEcREFtXfGq5K1fmd+4PHkBq8NUqmzW3G+Dq10bI/i0KucLRwss3YYFQ0fSfoxBZYiGUqtQ=="
    },
    "humanparser": {
      "version": "1.11.0",
      "resolved": "https://registry.npmjs.org/humanparser/-/humanparser-1.11.0.tgz",
      "integrity": "sha512-d1Zexkt6ydVkUkshivfXZ8OnzYFZvfkzV1ncb/sv5oo3//x44az9+ZT6IKrl2nMcubO2/tJ5WWAMTgU32noEGQ=="
    },
    "isemail": {
      "version": "3.2.0",
      "resolved": "https://registry.npmjs.org/isemail/-/isemail-3.2.0.tgz",
      "integrity": "sha512-zKqkK+O+dGqevc93KNsbZ/TqTUFd46MwWjYOoMrjIMZ51eU7DtQG3Wmd9SQQT7i7RVnuTPEiYEWHU3MSbxC1Tg==",
      "requires": {
        "punycode": "2.x.x"
      }
    },
    "joi": {
      "version": "14.3.1",
      "resolved": "https://registry.npmjs.org/joi/-/joi-14.3.1.tgz",
      "integrity": "sha512-LQDdM+pkOrpAn4Lp+neNIFV3axv1Vna3j38bisbQhETPMANYRbFJFUyOZcOClYvM/hppMhGWuKSFEK9vjrB+bQ==",
      "requires": {
        "hoek": "6.x.x",
        "isemail": "3.x.x",
        "topo": "3.x.x"
      }
    },
    "json-ditto": {
      "version": "1.2.9",
      "resolved": "https://registry.npmjs.org/json-ditto/-/json-ditto-1.2.9.tgz",
      "integrity": "sha512-zGTROskEANAWh6F8UOxXDAiuGEd7uLZ+ojMg0/hebPtnJChgFgNTIH1kMBW/bAbMflwaZ/5Ph9uMVqXE1BWtQw==",
      "requires": {
        "beam-uri": "^2.1.1",
        "humanparser": "^1.10.0",
        "joi": "^14.3.1",
        "lodash": "^4.5.1",
        "moment": "^2.15.0",
        "uuid": "^3.3.2"
      }
    },
    "json-ditto-v2": {
      "version": "github:BeameryHQ/json-ditto#031e845b0c81b6f48414dfcc0f3b0e472ab8e9dc",
      "from": "github:BeameryHQ/json-ditto#feature/ditto.v2",
      "requires": {
        "beam-uri": "^2.1.1",
        "humanparser": "^1.10.0",
        "joi": "^14.3.1",
        "lodash": "^4.5.1",
        "moment": "^2.15.0",
        "uuid": "^3.3.2"
      }
    },
    "linkedin-canonical-url": {
      "version": "1.0.6",
      "resolved": "https://registry.npmjs.org/linkedin-canonical-url/-/linkedin-canonical-url-1.0.6.tgz",
      "integrity": "sha1-vZO8RZdq2G0o9C2QhuxQ5A6d/xg="
    },
    "lodash": {
      "version": "4.17.15",
      "resolved": "https://registry.npmjs.org/lodash/-/lodash-4.17.15.tgz",
      "integrity": "sha512-8xOcRHvCjnocdS5cpwXQXVzmmh5e5+saE2QGoeQmbKmRS6J3VQppPOIt0MnmE+4xlZoumy0GPG0D0MVIQbNA1A=="
    },
    "moment": {
      "version": "2.24.0",
      "resolved": "https://registry.npmjs.org/moment/-/moment-2.24.0.tgz",
      "integrity": "sha512-bV7f+6l2QigeBBZSM/6yTNq4P2fNpSWj/0e7jQcy87A8e7o2nAfP/34/2ky5Vw4B9S446EtIhodAzkFCcR4dQg=="
    },
    "parse-domain": {
      "version": "1.2.0",
      "resolved": "https://registry.npmjs.org/parse-domain/-/parse-domain-1.2.0.tgz",
      "integrity": "sha512-R9BCYRDwLwu0qmZd45Q0suCehrfLU48UhzZCREOwBr/J6fQci8j/CXiFygK17CwpnbF80x76sw/KIkU+UBN2+g=="
    },
    "punycode": {
      "version": "2.1.1",
      "resolved": "https://registry.npmjs.org/punycode/-/punycode-2.1.1.tgz",
      "integrity": "sha512-XRsRjdf+j5ml+y/6GKHPZbrF/8p2Yga0JPtdqTIY2Xe5ohJPD9saDJJLPvp9+NSBprVvevdXZybnj2cv8OEd0A=="
    },
    "topo": {
      "version": "3.0.3",
      "resolved": "https://registry.npmjs.org/topo/-/topo-3.0.3.tgz",
      "integrity": "sha512-IgpPtvD4kjrJ7CRA3ov2FhWQADwv+Tdqbsf1ZnPUSAtCJ9e1Z44MmoSGDXGk4IppoZA7jd/QRkNddlLJWlUZsQ==",
      "requires": {
        "hoek": "6.x.x"
      }
    },
    "uuid": {
      "version": "3.3.2",
      "resolved": "https://registry.npmjs.org/uuid/-/uuid-3.3.2.tgz",
      "integrity": "sha512-yXJmeNaw3DnnKAOKJE51sL/ZaYfWJRl1pK9dr19YFCu0ObS231AB1/LbqTKRAQ5kw8A90rA6fr4riOUpTZvQZA=="
    }
  }
}
